{
  "originHash" : "3dc1e69673cf3f1841cdc3cb4c03402d95ca9da1ba4ef4e450328c7f822df961",
  "pins" : [
    {
      "identity" : "mipincodeview",
      "kind" : "remoteSourceControl",
      "location" : "https://github.com/markhorix/MIPinCodeView.git",
      "state" : {
        "branch" : "master",
        "revision" : "e4d214f68604042d8c2350a671eaf2bdb1661361"
      }
    },
    {
      "identity" : "valet",
      "kind" : "remoteSourceControl",
      "location" : "https://github.com/square/Valet.git",
      "state" : {
        "revision" : "3df8eaa90e1fa0d80830733cdc3c9e098146af3d",
        "version" : "4.3.0"
      }
    }
  ],
  "version" : 3
}
